
Microsoft Visual Studio Solution File, Format Version 12.00
# Visual Studio Version 16
VisualStudioVersion = 16.0.30517.126
MinimumVisualStudioVersion = 10.0.40219.1
Project("{FAE04EC0-301F-11D3-BF4B-00C04F79EFBC}") = "Progra3Tareae3", "Progra3Tareae3.csproj", "{851FE03D-B501-48CC-80A6-82F0FE454931}"
EndProject
Global
	GlobalSection(SolutionConfigurationPlatforms) = preSolution
		Debug|Any CPU = Debug|Any CPU
		Release|Any CPU = Release|Any CPU
	EndGlobalSection
	GlobalSection(ProjectConfigurationPlatforms) = postSolution
		{851FE03D-B501-48CC-80A6-82F0FE454931}.Debug|Any CPU.ActiveCfg = Debug|Any CPU
		{851FE03D-B501-48CC-80A6-82F0FE454931}.Debug|Any CPU.Build.0 = Debug|Any CPU
		{851FE03D-B501-48CC-80A6-82F0FE454931}.Release|Any CPU.ActiveCfg = Release|Any CPU
		{851FE03D-B501-48CC-80A6-82F0FE454931}.Release|Any CPU.Build.0 = Release|Any CPU
	EndGlobalSection
	GlobalSection(SolutionProperties) = preSolution
		HideSolutionNode = FALSE
	EndGlobalSection
	GlobalSection(ExtensibilityGlobals) = postSolution
		SolutionGuid = {34E1AC8C-7B84-4C8C-8C60-5A2CFD78E017}
	EndGlobalSection
EndGlobal
